// !$*UTF8*$!
{
	archiveVersion = 1;
	classes = {
	};
	objectVersion = 46;
	objects = {

/* Begin PBXBuildFile section */
		668AFB33191BB91F009DED3C /* Foundation.framework in Frameworks */ = {isa = PBXBuildFile; fileRef = 668AFB32191BB91F009DED3C /* Foundation.framework */; };
		668AFB35191BB91F009DED3C /* CoreGraphics.framework in Frameworks */ = {isa = PBXBuildFile; fileRef = 668AFB34191BB91F009DED3C /* CoreGraphics.framework */; };
		668AFB37191BB91F009DED3C /* UIKit.framework in Frameworks */ = {isa = PBXBuildFile; fileRef = 668AFB36191BB91F009DED3C /* UIKit.framework */; };
		668AFB3D191BB91F009DED3C /* InfoPlist.strings in Resources */ = {isa = PBXBuildFile; fileRef = 668AFB3B191BB91F009DED3C /* InfoPlist.strings */; };
		668AFB3F191BB91F009DED3C /* main.m in Sources */ = {isa = PBXBuildFile; fileRef = 668AFB3E191BB91F009DED3C /* main.m */; };
		668AFB43191BB91F009DED3C /* ALAAppDelegate.m in Sources */ = {isa = PBXBuildFile; fileRef = 668AFB42191BB91F009DED3C /* ALAAppDelegate.m */; };
		668AFB45191BB91F009DED3C /* Images.xcassets in Resources */ = {isa = PBXBuildFile; fileRef = 668AFB44191BB91F009DED3C /* Images.xcassets */; };
		668AFB4C191BB91F009DED3C /* XCTest.framework in Frameworks */ = {isa = PBXBuildFile; fileRef = 668AFB4B191BB91F009DED3C /* XCTest.framework */; };
		668AFB4D191BB91F009DED3C /* Foundation.framework in Frameworks */ = {isa = PBXBuildFile; fileRef = 668AFB32191BB91F009DED3C /* Foundation.framework */; };
		668AFB4E191BB91F009DED3C /* UIKit.framework in Frameworks */ = {isa = PBXBuildFile; fileRef = 668AFB36191BB91F009DED3C /* UIKit.framework */; };
		668AFB56191BB91F009DED3C /* InfoPlist.strings in Resources */ = {isa = PBXBuildFile; fileRef = 668AFB54191BB91F009DED3C /* InfoPlist.strings */; };
		668AFB58191BB91F009DED3C /* AudioListTests.m in Sources */ = {isa = PBXBuildFile; fileRef = 668AFB57191BB91F009DED3C /* AudioListTests.m */; };
		668AFB66191BC51B009DED3C /* ALAiPadViewController.m in Sources */ = {isa = PBXBuildFile; fileRef = 668AFB65191BC51B009DED3C /* ALAiPadViewController.m */; };
/* End PBXBuildFile section */

/* Begin PBXContainerItemProxy section */
		668AFB4F191BB91F009DED3C /* PBXContainerItemProxy */ = {
			isa = PBXContainerItemProxy;
			containerPortal = 668AFB27191BB91F009DED3C /* Project object */;
			proxyType = 1;
			remoteGlobalIDString = 668AFB2E191BB91F009DED3C;
			remoteInfo = AudioList;
		};
/* End PBXContainerItemProxy section */

/* Begin PBXFileReference section */
		668AFB2F191BB91F009DED3C /* AudioList.app */ = {isa = PBXFileReference; explicitFileType = wrapper.application; includeInIndex = 0; path = AudioList.app; sourceTree = BUILT_PRODUCTS_DIR; };
		668AFB32191BB91F009DED3C /* Foundation.framework */ = {isa = PBXFileReference; lastKnownFileType = wrapper.framework; name = Foundation.framework; path = System/Library/Frameworks/Foundation.framework; sourceTree = SDKROOT; };
		668AFB34191BB91F009DED3C /* CoreGraphics.framework */ = {isa = PBXFileReference; lastKnownFileType = wrapper.framework; name = CoreGraphics.framework; path = System/Library/Frameworks/CoreGraphics.framework; sourceTree = SDKROOT; };
		668AFB36191BB91F009DED3C /* UIKit.framework */ = {isa = PBXFileReference; lastKnownFileType = wrapper.framework; name = UIKit.framework; path = System/Library/Frameworks/UIKit.framework; sourceTree = SDKROOT; };
		668AFB3A191BB91F009DED3C /* AudioList-Info.plist */ = {isa = PBXFileReference; lastKnownFileType = text.plist.xml; path = "AudioList-Info.plist"; sourceTree = "<group>"; };
		668AFB3C191BB91F009DED3C /* en */ = {isa = PBXFileReference; lastKnownFileType = text.plist.strings; name = en; path = en.lproj/InfoPlist.strings; sourceTree = "<group>"; };
		668AFB3E191BB91F009DED3C /* main.m */ = {isa = PBXFileReference; lastKnownFileType = sourcecode.c.objc; path = main.m; sourceTree = "<group>"; };
		668AFB40191BB91F009DED3C /* AudioList-Prefix.pch */ = {isa = PBXFileReference; lastKnownFileType = sourcecode.c.h; path = "AudioList-Prefix.pch"; sourceTree = "<group>"; };
		668AFB41191BB91F009DED3C /* ALAAppDelegate.h */ = {isa = PBXFileReference; lastKnownFileType = sourcecode.c.h; path = ALAAppDelegate.h; sourceTree = "<group>"; };
		668AFB42191BB91F009DED3C /* ALAAppDelegate.m */ = {isa = PBXFileReference; lastKnownFileType = sourcecode.c.objc; path = ALAAppDelegate.m; sourceTree = "<group>"; };
		668AFB44191BB91F009DED3C /* Images.xcassets */ = {isa = PBXFileReference; lastKnownFileType = folder.assetcatalog; path = Images.xcassets; sourceTree = "<group>"; };
		668AFB4A191BB91F009DED3C /* AudioListTests.xctest */ = {isa = PBXFileReference; explicitFileType = wrapper.cfbundle; includeInIndex = 0; path = AudioListTests.xctest; sourceTree = BUILT_PRODUCTS_DIR; };
		668AFB4B191BB91F009DED3C /* XCTest.framework */ = {isa = PBXFileReference; lastKnownFileType = wrapper.framework; name = XCTest.framework; path = Library/Frameworks/XCTest.framework; sourceTree = DEVELOPER_DIR; };
		668AFB53191BB91F009DED3C /* AudioListTests-Info.plist */ = {isa = PBXFileReference; lastKnownFileType = text.plist.xml; path = "AudioListTests-Info.plist"; sourceTree = "<group>"; };
		668AFB55191BB91F009DED3C /* en */ = {isa = PBXFileReference; lastKnownFileType = text.plist.strings; name = en; path = en.lproj/InfoPlist.strings; sourceTree = "<group>"; };
		668AFB57191BB91F009DED3C /* AudioListTests.m */ = {isa = PBXFileReference; lastKnownFileType = sourcecode.c.objc; path = AudioListTests.m; sourceTree = "<group>"; };
		668AFB64191BC51B009DED3C /* ALAiPadViewController.h */ = {isa = PBXFileReference; fileEncoding = 4; lastKnownFileType = sourcecode.c.h; path = ALAiPadViewController.h; sourceTree = "<group>"; };
		668AFB65191BC51B009DED3C /* ALAiPadViewController.m */ = {isa = PBXFileReference; fileEncoding = 4; lastKnownFileType = sourcecode.c.objc; path = ALAiPadViewController.m; sourceTree = "<group>"; };
/* End PBXFileReference section */

/* Begin PBXFrameworksBuildPhase section */
		668AFB2C191BB91F009DED3C /* Frameworks */ = {
			isa = PBXFrameworksBuildPhase;
			buildActionMask = 2147483647;
			files = (
				668AFB35191BB91F009DED3C /* CoreGraphics.framework in Frameworks */,
				668AFB37191BB91F009DED3C /* UIKit.framework in Frameworks */,
				668AFB33191BB91F009DED3C /* Foundation.framework in Frameworks */,
			);
			runOnlyForDeploymentPostprocessing = 0;
		};
		668AFB47191BB91F009DED3C /* Frameworks */ = {
			isa = PBXFrameworksBuildPhase;
			buildActionMask = 2147483647;
			files = (
				668AFB4C191BB91F009DED3C /* XCTest.framework in Frameworks */,
				668AFB4E191BB91F009DED3C /* UIKit.framework in Frameworks */,
				668AFB4D191BB91F009DED3C /* Foundation.framework in Frameworks */,
			);
			runOnlyForDeploymentPostprocessing = 0;
		};
/* End PBXFrameworksBuildPhase section */

/* Begin PBXGroup section */
		668AFB26191BB91F009DED3C = {
			isa = PBXGroup;
			children = (
				668AFB64191BC51B009DED3C /* ALAiPadViewController.h */,
				668AFB65191BC51B009DED3C /* ALAiPadViewController.m */,
				668AFB38191BB91F009DED3C /* AudioList */,
				668AFB51191BB91F009DED3C /* AudioListTests */,
				668AFB31191BB91F009DED3C /* Frameworks */,
				668AFB30191BB91F009DED3C /* Products */,
			);
			sourceTree = "<group>";
		};
		668AFB30191BB91F009DED3C /* Products */ = {
			isa = PBXGroup;
			children = (
				668AFB2F191BB91F009DED3C /* AudioList.app */,
				668AFB4A191BB91F009DED3C /* AudioListTests.xctest */,
			);
			name = Products;
			sourceTree = "<group>";
		};
		668AFB31191BB91F009DED3C /* Frameworks */ = {
			isa = PBXGroup;
			children = (
				668AFB32191BB91F009DED3C /* Foundation.framework */,
				668AFB34191BB91F009DED3C /* CoreGraphics.framework */,
				668AFB36191BB91F009DED3C /* UIKit.framework */,
				668AFB4B191BB91F009DED3C /* XCTest.framework */,
			);
			name = Frameworks;
			sourceTree = "<group>";
		};
		668AFB38191BB91F009DED3C /* AudioList */ = {
			isa = PBXGroup;
			children = (
				668AFB41191BB91F009DED3C /* ALAAppDelegate.h */,
				668AFB42191BB91F009DED3C /* ALAAppDelegate.m */,
				668AFB44191BB91F009DED3C /* Images.xcassets */,
				668AFB39191BB91F009DED3C /* Supporting Files */,
			);
			path = AudioList;
			sourceTree = "<group>";
		};
		668AFB39191BB91F009DED3C /* Supporting Files */ = {
			isa = PBXGroup;
			children = (
				668AFB3A191BB91F009DED3C /* AudioList-Info.plist */,
				668AFB3B191BB91F009DED3C /* InfoPlist.strings */,
				668AFB3E191BB91F009DED3C /* main.m */,
				668AFB40191BB91F009DED3C /* AudioList-Prefix.pch */,
			);
			name = "Supporting Files";
			sourceTree = "<group>";
		};
		668AFB51191BB91F009DED3C /* AudioListTests */ = {
			isa = PBXGroup;
			children = (
				668AFB57191BB91F009DED3C /* AudioListTests.m */,
				668AFB52191BB91F009DED3C /* Supporting Files */,
			);
			path = AudioListTests;
			sourceTree = "<group>";
		};
		668AFB52191BB91F009DED3C /* Supporting Files */ = {
			isa = PBXGroup;
			children = (
				668AFB53191BB91F009DED3C /* AudioListTests-Info.plist */,
				668AFB54191BB91F009DED3C /* InfoPlist.strings */,
			);
			name = "Supporting Files";
			sourceTree = "<group>";
		};
/* End PBXGroup section */

/* Begin PBXNativeTarget section */
		668AFB2E191BB91F009DED3C /* AudioList */ = {
			isa = PBXNativeTarget;
			buildConfigurationList = 668AFB5B191BB91F009DED3C /* Build configuration list for PBXNativeTarget "AudioList" */;
			buildPhases = (
				668AFB2B191BB91F009DED3C /* Sources */,
				668AFB2C191BB91F009DED3C /* Frameworks */,
				668AFB2D191BB91F009DED3C /* Resources */,
			);
			buildRules = (
			);
			dependencies = (
			);
			name = AudioList;
			productName = AudioList;
			productReference = 668AFB2F191BB91F009DED3C /* AudioList.app */;
			productType = "com.apple.product-type.application";
		};
		668AFB49191BB91F009DED3C /* AudioListTests */ = {
			isa = PBXNativeTarget;
			buildConfigurationList = 668AFB5E191BB91F009DED3C /* Build configuration list for PBXNativeTarget "AudioListTests" */;
			buildPhases = (
				668AFB46191BB91F009DED3C /* Sources */,
				668AFB47191BB91F009DED3C /* Frameworks */,
				668AFB48191BB91F009DED3C /* Resources */,
			);
			buildRules = (
			);
			dependencies = (
				668AFB50191BB91F009DED3C /* PBXTargetDependency */,
			);
			name = AudioListTests;
			productName = AudioListTests;
			productReference = 668AFB4A191BB91F009DED3C /* AudioListTests.xctest */;
			productType = "com.apple.product-type.bundle.unit-test";
		};
/* End PBXNativeTarget section */

/* Begin PBXProject section */
		668AFB27191BB91F009DED3C /* Project object */ = {
			isa = PBXProject;
			attributes = {
				CLASSPREFIX = ALA;
				LastUpgradeCheck = 0510;
				ORGANIZATIONNAME = "Derek Weber";
				TargetAttributes = {
					668AFB49191BB91F009DED3C = {
						TestTargetID = 668AFB2E191BB91F009DED3C;
					};
				};
			};
			buildConfigurationList = 668AFB2A191BB91F009DED3C /* Build configuration list for PBXProject "AudioList" */;
			compatibilityVersion = "Xcode 3.2";
			developmentRegion = English;
			hasScannedForEncodings = 0;
			knownRegions = (
				en,
			);
			mainGroup = 668AFB26191BB91F009DED3C;
			productRefGroup = 668AFB30191BB91F009DED3C /* Products */;
			projectDirPath = "";
			projectRoot = "";
			targets = (
				668AFB2E191BB91F009DED3C /* AudioList */,
				668AFB49191BB91F009DED3C /* AudioListTests */,
			);
		};
/* End PBXProject section */

/* Begin PBXResourcesBuildPhase section */
		668AFB2D191BB91F009DED3C /* Resources */ = {
			isa = PBXResourcesBuildPhase;
			buildActionMask = 2147483647;
			files = (
				668AFB3D191BB91F009DED3C /* InfoPlist.strings in Resources */,
				668AFB45191BB91F009DED3C /* Images.xcassets in Resources */,
			);
			runOnlyForDeploymentPostprocessing = 0;
		};
		668AFB48191BB91F009DED3C /* Resources */ = {
			isa = PBXResourcesBuildPhase;
			buildActionMask = 2147483647;
			files = (
				668AFB56191BB91F009DED3C /* InfoPlist.strings in Resources */,
			);
			runOnlyForDeploymentPostprocessing = 0;
		};
/* End PBXResourcesBuildPhase section */

/* Begin PBXSourcesBuildPhase section */
		668AFB2B191BB91F009DED3C /* Sources */ = {
			isa = PBXSourcesBuildPhase;
			buildActionMask = 2147483647;
			files = (
				668AFB3F191BB91F009DED3C /* main.m in Sources */,
				668AFB43191BB91F009DED3C /* ALAAppDelegate.m in Sources */,
				668AFB66191BC51B009DED3C /* ALAiPadViewController.m in Sources */,
			);
			runOnlyForDeploymentPostprocessing = 0;
		};
		668AFB46191BB91F009DED3C /* Sources */ = {
			isa = PBXSourcesBuildPhase;
			buildActionMask = 2147483647;
			files = (
				668AFB58191BB91F009DED3C /* AudioListTests.m in Sources */,
			);
			runOnlyForDeploymentPostprocessing = 0;
		};
/* End PBXSourcesBuildPhase section */

/* Begin PBXTargetDependency section */
		668AFB50191BB91F009DED3C /* PBXTargetDependency */ = {
			isa = PBXTargetDependency;
			target = 668AFB2E191BB91F009DED3C /* AudioList */;
			targetProxy = 668AFB4F191BB91F009DED3C /* PBXContainerItemProxy */;
		};
/* End PBXTargetDependency section */

/* Begin PBXVariantGroup section */
		668AFB3B191BB91F009DED3C /* InfoPlist.strings */ = {
			isa = PBXVariantGroup;
			children = (
				668AFB3C191BB91F009DED3C /* en */,
			);
			name = InfoPlist.strings;
			sourceTree = "<group>";
		};
		668AFB54191BB91F009DED3C /* InfoPlist.strings */ = {
			isa = PBXVariantGroup;
			children = (
				668AFB55191BB91F009DED3C /* en */,
			);
			name = InfoPlist.strings;
			sourceTree = "<group>";
		};
/* End PBXVariantGroup section */

/* Begin XCBuildConfiguration section */
		668AFB59191BB91F009DED3C /* Debug */ = {
			isa = XCBuildConfiguration;
			buildSettings = {
				ALWAYS_SEARCH_USER_PATHS = NO;
				CLANG_CXX_LANGUAGE_STANDARD = "gnu++0x";
				CLANG_CXX_LIBRARY = "libc++";
				CLANG_ENABLE_MODULES = YES;
				CLANG_ENABLE_OBJC_ARC = YES;
				CLANG_WARN_BOOL_CONVERSION = YES;
				CLANG_WARN_CONSTANT_CONVERSION = YES;
				CLANG_WARN_DIRECT_OBJC_ISA_USAGE = YES_ERROR;
				CLANG_WARN_EMPTY_BODY = YES;
				CLANG_WARN_ENUM_CONVERSION = YES;
				CLANG_WARN_INT_CONVERSION = YES;
				CLANG_WARN_OBJC_ROOT_CLASS = YES_ERROR;
				CLANG_WARN__DUPLICATE_METHOD_MATCH = YES;
				"CODE_SIGN_IDENTITY[sdk=iphoneos*]" = "iPhone Developer";
				COPY_PHASE_STRIP = NO;
				GCC_C_LANGUAGE_STANDARD = gnu99;
				GCC_DYNAMIC_NO_PIC = NO;
				GCC_OPTIMIZATION_LEVEL = 0;
				GCC_PREPROCESSOR_DEFINITIONS = (
					"DEBUG=1",
					"$(inherited)",
				);
				GCC_SYMBOLS_PRIVATE_EXTERN = NO;
				GCC_WARN_64_TO_32_BIT_CONVERSION = YES;
				GCC_WARN_ABOUT_RETURN_TYPE = YES_ERROR;
				GCC_WARN_UNDECLARED_SELECTOR = YES;
				GCC_WARN_UNINITIALIZED_AUTOS = YES_AGGRESSIVE;
				GCC_WARN_UNUSED_FUNCTION = YES;
				GCC_WARN_UNUSED_VARIABLE = YES;
				IPHONEOS_DEPLOYMENT_TARGET = 7.1;
				ONLY_ACTIVE_ARCH = YES;
				SDKROOT = iphoneos;
				TARGETED_DEVICE_FAMILY = "1,2";
			};
			name = Debug;
		};
		668AFB5A191BB91F009DED3C /* Release */ = {
			isa = XCBuildConfiguration;
			buildSettings = {
				ALWAYS_SEARCH_USER_PATHS = NO;
				CLANG_CXX_LANGUAGE_STANDARD = "gnu++0x";
				CLANG_CXX_LIBRARY = "libc++";
				CLANG_ENABLE_MODULES = YES;
				CLANG_ENABLE_OBJC_ARC = YES;
				CLANG_WARN_BOOL_CONVERSION = YES;
				CLANG_WARN_CONSTANT_CONVERSION = YES;
				CLANG_WARN_DIRECT_OBJC_ISA_USAGE = YES_ERROR;
				CLANG_WARN_EMPTY_BODY = YES;
				CLANG_WARN_ENUM_CONVERSION = YES;
				CLANG_WARN_INT_CONVERSION = YES;
				CLANG_WARN_OBJC_ROOT_CLASS = YES_ERROR;
				CLANG_WARN__DUPLICATE_METHOD_MATCH = YES;
				"CODE_SIGN_IDENTITY[sdk=iphoneos*]" = "iPhone Developer";
				COPY_PHASE_STRIP = YES;
				ENABLE_NS_ASSERTIONS = NO;
				GCC_C_LANGUAGE_STANDARD = gnu99;
				GCC_WARN_64_TO_32_BIT_CONVERSION = YES;
				GCC_WARN_ABOUT_RETURN_TYPE = YES_ERROR;
				GCC_WARN_UNDECLARED_SELECTOR = YES;
				GCC_WARN_UNINITIALIZED_AUTOS = YES_AGGRESSIVE;
				GCC_WARN_UNUSED_FUNCTION = YES;
				GCC_WARN_UNUSED_VARIABLE = YES;
				IPHONEOS_DEPLOYMENT_TARGET = 7.1;
				SDKROOT = iphoneos;
				TARGETED_DEVICE_FAMILY = "1,2";
				VALIDATE_PRODUCT = YES;
			};
			name = Release;
		};
		668AFB5C191BB91F009DED3C /* Debug */ = {
			isa = XCBuildConfiguration;
			buildSettings = {
				ASSETCATALOG_COMPILER_APPICON_NAME = AppIcon;
				ASSETCATALOG_COMPILER_LAUNCHIMAGE_NAME = LaunchImage;
				GCC_PRECOMPILE_PREFIX_HEADER = YES;
				GCC_PREFIX_HEADER = "AudioList/AudioList-Prefix.pch";
				INFOPLIST_FILE = "AudioList/AudioList-Info.plist";
				PRODUCT_NAME = "$(TARGET_NAME)";
				WRAPPER_EXTENSION = app;
			};
			name = Debug;
		};
		668AFB5D191BB91F009DED3C /* Release */ = {
			isa = XCBuildConfiguration;
			buildSettings = {
				ASSETCATALOG_COMPILER_APPICON_NAME = AppIcon;
				ASSETCATALOG_COMPILER_LAUNCHIMAGE_NAME = LaunchImage;
				GCC_PRECOMPILE_PREFIX_HEADER = YES;
				GCC_PREFIX_HEADER = "AudioList/AudioList-Prefix.pch";
				INFOPLIST_FILE = "AudioList/AudioList-Info.plist";
				PRODUCT_NAME = "$(TARGET_NAME)";
				WRAPPER_EXTENSION = app;
			};
			name = Release;
		};
		668AFB5F191BB91F009DED3C /* Debug */ = {
			isa = XCBuildConfiguration;
			buildSettings = {
				BUNDLE_LOADER = "$(BUILT_PRODUCTS_DIR)/AudioList.app/AudioList";
				FRAMEWORK_SEARCH_PATHS = (
					"$(SDKROOT)/Developer/Library/Frameworks",
					"$(inherited)",
					"$(DEVELOPER_FRAMEWORKS_DIR)",
				);
				GCC_PRECOMPILE_PREFIX_HEADER = YES;
				GCC_PREFIX_HEADER = "AudioList/AudioList-Prefix.pch";
				GCC_PREPROCESSOR_DEFINITIONS = (
					"DEBUG=1",
					"$(inherited)",
				);
				INFOPLIST_FILE = "AudioListTests/AudioListTests-Info.plist";
				PRODUCT_NAME = "$(TARGET_NAME)";
				TEST_HOST = "$(BUNDLE_LOADER)";
				WRAPPER_EXTENSION = xctest;
			};
			name = Debug;
		};
		668AFB60191BB91F009DED3C /* Release */ = {
			isa = XCBuildConfiguration;
			buildSettings = {
				BUNDLE_LOADER = "$(BUILT_PRODUCTS_DIR)/AudioList.app/AudioList";
				FRAMEWORK_SEARCH_PATHS = (
					"$(SDKROOT)/Developer/Library/Frameworks",
					"$(inherited)",
					"$(DEVELOPER_FRAMEWORKS_DIR)",
				);
				GCC_PRECOMPILE_PREFIX_HEADER = YES;
				GCC_PREFIX_HEADER = "AudioList/AudioList-Prefix.pch";
				INFOPLIST_FILE = "AudioListTests/AudioListTests-Info.plist";
				PRODUCT_NAME = "$(TARGET_NAME)";
				TEST_HOST = "$(BUNDLE_LOADER)";
				WRAPPER_EXTENSION = xctest;
			};
			name = Release;
		};
/* End XCBuildConfiguration section */

/* Begin XCConfigurationList section */
		668AFB2A191BB91F009DED3C /* Build configuration list for PBXProject "AudioList" */ = {
			isa = XCConfigurationList;
			buildConfigurations = (
				668AFB59191BB91F009DED3C /* Debug */,
				668AFB5A191BB91F009DED3C /* Release */,
			);
			defaultConfigurationIsVisible = 0;
			defaultConfigurationName = Release;
		};
		668AFB5B191BB91F009DED3C /* Build configuration list for PBXNativeTarget "AudioList" */ = {
			isa = XCConfigurationList;
			buildConfigurations = (
				668AFB5C191BB91F009DED3C /* Debug */,
				668AFB5D191BB91F009DED3C /* Release */,
			);
			defaultConfigurationIsVisible = 0;
		};
		668AFB5E191BB91F009DED3C /* Build configuration list for PBXNativeTarget "AudioListTests" */ = {
			isa = XCConfigurationList;
			buildConfigurations = (
				668AFB5F191BB91F009DED3C /* Debug */,
				668AFB60191BB91F009DED3C /* Release */,
			);
			defaultConfigurationIsVisible = 0;
		};
/* End XCConfigurationList section */
	};
	rootObject = 668AFB27191BB91F009DED3C /* Project object */;
}
